
Microsoft Visual Studio Solution File, Format Version 12.00
# Visual Studio Version 17
VisualStudioVersion = 17.5.002.0
MinimumVisualStudioVersion = 10.0.40219.1
Project("{9A19103F-16F7-4668-BE54-9A1E7A4F7556}") = "src", "src\src.csproj", "{64E4140F-FF71-4D5D-893B-DB1AF40041B0}"
EndProject
Project("{9A19103F-16F7-4668-BE54-9A1E7A4F7556}") = "test", "test\test.csproj", "{890DAEB3-EC5A-4D45-B71F-962F682BF0A1}"
EndProject
Global
	GlobalSection(SolutionConfigurationPlatforms) = preSolution
		Debug|Any CPU = Debug|Any CPU
		Release|Any CPU = Release|Any CPU
	EndGlobalSection
	GlobalSection(ProjectConfigurationPlatforms) = postSolution
		{64E4140F-FF71-4D5D-893B-DB1AF40041B0}.Debug|Any CPU.ActiveCfg = Debug|Any CPU
		{64E4140F-FF71-4D5D-893B-DB1AF40041B0}.Debug|Any CPU.Build.0 = Debug|Any CPU
		{64E4140F-FF71-4D5D-893B-DB1AF40041B0}.Release|Any CPU.ActiveCfg = Release|Any CPU
		{64E4140F-FF71-4D5D-893B-DB1AF40041B0}.Release|Any CPU.Build.0 = Release|Any CPU
		{890DAEB3-EC5A-4D45-B71F-962F682BF0A1}.Debug|Any CPU.ActiveCfg = Debug|Any CPU
		{890DAEB3-EC5A-4D45-B71F-962F682BF0A1}.Debug|Any CPU.Build.0 = Debug|Any CPU
		{890DAEB3-EC5A-4D45-B71F-962F682BF0A1}.Release|Any CPU.ActiveCfg = Release|Any CPU
		{890DAEB3-EC5A-4D45-B71F-962F682BF0A1}.Release|Any CPU.Build.0 = Release|Any CPU
	EndGlobalSection
	GlobalSection(SolutionProperties) = preSolution
		HideSolutionNode = FALSE
	EndGlobalSection
	GlobalSection(ExtensibilityGlobals) = postSolution
		SolutionGuid = {CEC34349-FAB7-4DEC-B3B2-BC201E809477}
	EndGlobalSection
EndGlobal
